// !$*UTF8*$!
{
	archiveVersion = 1;
	classes = {
	};
	objectVersion = 46;
	objects = {

/* Begin PBXBuildFile section */
		EC4298391C6DBA4D00CE6EF8 /* main.m in Sources */ = {isa = PBXBuildFile; fileRef = EC4298381C6DBA4D00CE6EF8 /* main.m */; };
		EC42983C1C6DBA4D00CE6EF8 /* AppDelegate.m in Sources */ = {isa = PBXBuildFile; fileRef = EC42983B1C6DBA4D00CE6EF8 /* AppDelegate.m */; };
		EC4298441C6DBA4D00CE6EF8 /* Assets.xcassets in Resources */ = {isa = PBXBuildFile; fileRef = EC4298431C6DBA4D00CE6EF8 /* Assets.xcassets */; };
		EC4298471C6DBA4D00CE6EF8 /* LaunchScreen.storyboard in Resources */ = {isa = PBXBuildFile; fileRef = EC4298451C6DBA4D00CE6EF8 /* LaunchScreen.storyboard */; };
/* End PBXBuildFile section */

/* Begin PBXFileReference section */
		EC4298341C6DBA4D00CE6EF8 /* XMPPDemo.app */ = {isa = PBXFileReference; explicitFileType = wrapper.application; includeInIndex = 0; path = XMPPDemo.app; sourceTree = BUILT_PRODUCTS_DIR; };
		EC4298381C6DBA4D00CE6EF8 /* main.m */ = {isa = PBXFileReference; lastKnownFileType = sourcecode.c.objc; path = main.m; sourceTree = "<group>"; };
		EC42983A1C6DBA4D00CE6EF8 /* AppDelegate.h */ = {isa = PBXFileReference; lastKnownFileType = sourcecode.c.h; path = AppDelegate.h; sourceTree = "<group>"; };
		EC42983B1C6DBA4D00CE6EF8 /* AppDelegate.m */ = {isa = PBXFileReference; lastKnownFileType = sourcecode.c.objc; path = AppDelegate.m; sourceTree = "<group>"; };
		EC4298431C6DBA4D00CE6EF8 /* Assets.xcassets */ = {isa = PBXFileReference; lastKnownFileType = folder.assetcatalog; path = Assets.xcassets; sourceTree = "<group>"; };
		EC4298461C6DBA4D00CE6EF8 /* Base */ = {isa = PBXFileReference; lastKnownFileType = file.storyboard; name = Base; path = Base.lproj/LaunchScreen.storyboard; sourceTree = "<group>"; };
		EC4298481C6DBA4D00CE6EF8 /* Info.plist */ = {isa = PBXFileReference; lastKnownFileType = text.plist.xml; path = Info.plist; sourceTree = "<group>"; };
/* End PBXFileReference section */

/* Begin PBXFrameworksBuildPhase section */
		EC4298311C6DBA4D00CE6EF8 /* Frameworks */ = {
			isa = PBXFrameworksBuildPhase;
			buildActionMask = 2147483647;
			files = (
			);
			runOnlyForDeploymentPostprocessing = 0;
		};
/* End PBXFrameworksBuildPhase section */

/* Begin PBXGroup section */
		EC42982B1C6DBA4D00CE6EF8 = {
			isa = PBXGroup;
			children = (
				EC4298361C6DBA4D00CE6EF8 /* XMPPDemo */,
				EC4298351C6DBA4D00CE6EF8 /* Products */,
			);
			sourceTree = "<group>";
		};
		EC4298351C6DBA4D00CE6EF8 /* Products */ = {
			isa = PBXGroup;
			children = (
				EC4298341C6DBA4D00CE6EF8 /* XMPPDemo.app */,
			);
			name = Products;
			sourceTree = "<group>";
		};
		EC4298361C6DBA4D00CE6EF8 /* XMPPDemo */ = {
			isa = PBXGroup;
			children = (
				EC42983A1C6DBA4D00CE6EF8 /* AppDelegate.h */,
				EC42983B1C6DBA4D00CE6EF8 /* AppDelegate.m */,
				EC4298431C6DBA4D00CE6EF8 /* Assets.xcassets */,
				EC4298451C6DBA4D00CE6EF8 /* LaunchScreen.storyboard */,
				EC4298481C6DBA4D00CE6EF8 /* Info.plist */,
				EC4298371C6DBA4D00CE6EF8 /* Supporting Files */,
			);
			path = XMPPDemo;
			sourceTree = "<group>";
		};
		EC4298371C6DBA4D00CE6EF8 /* Supporting Files */ = {
			isa = PBXGroup;
			children = (
				EC4298381C6DBA4D00CE6EF8 /* main.m */,
			);
			name = "Supporting Files";
			sourceTree = "<group>";
		};
/* End PBXGroup section */

/* Begin PBXNativeTarget section */
		EC4298331C6DBA4D00CE6EF8 /* XMPPDemo */ = {
			isa = PBXNativeTarget;
			buildConfigurationList = EC42984B1C6DBA4D00CE6EF8 /* Build configuration list for PBXNativeTarget "XMPPDemo" */;
			buildPhases = (
				EC4298301C6DBA4D00CE6EF8 /* Sources */,
				EC4298311C6DBA4D00CE6EF8 /* Frameworks */,
				EC4298321C6DBA4D00CE6EF8 /* Resources */,
			);
			buildRules = (
			);
			dependencies = (
			);
			name = XMPPDemo;
			productName = XMPPDemo;
			productReference = EC4298341C6DBA4D00CE6EF8 /* XMPPDemo.app */;
			productType = "com.apple.product-type.application";
		};
/* End PBXNativeTarget section */

/* Begin PBXProject section */
		EC42982C1C6DBA4D00CE6EF8 /* Project object */ = {
			isa = PBXProject;
			attributes = {
				LastUpgradeCheck = 0720;
				ORGANIZATIONNAME = zhuyue;
				TargetAttributes = {
					EC4298331C6DBA4D00CE6EF8 = {
						CreatedOnToolsVersion = 7.2;
					};
				};
			};
			buildConfigurationList = EC42982F1C6DBA4D00CE6EF8 /* Build configuration list for PBXProject "XMPPDemo" */;
			compatibilityVersion = "Xcode 3.2";
			developmentRegion = English;
			hasScannedForEncodings = 0;
			knownRegions = (
				en,
				Base,
			);
			mainGroup = EC42982B1C6DBA4D00CE6EF8;
			productRefGroup = EC4298351C6DBA4D00CE6EF8 /* Products */;
			projectDirPath = "";
			projectRoot = "";
			targets = (
				EC4298331C6DBA4D00CE6EF8 /* XMPPDemo */,
			);
		};
/* End PBXProject section */

/* Begin PBXResourcesBuildPhase section */
		EC4298321C6DBA4D00CE6EF8 /* Resources */ = {
			isa = PBXResourcesBuildPhase;
			buildActionMask = 2147483647;
			files = (
				EC4298471C6DBA4D00CE6EF8 /* LaunchScreen.storyboard in Resources */,
				EC4298441C6DBA4D00CE6EF8 /* Assets.xcassets in Resources */,
			);
			runOnlyForDeploymentPostprocessing = 0;
		};
/* End PBXResourcesBuildPhase section */

/* Begin PBXSourcesBuildPhase section */
		EC4298301C6DBA4D00CE6EF8 /* Sources */ = {
			isa = PBXSourcesBuildPhase;
			buildActionMask = 2147483647;
			files = (
				EC42983C1C6DBA4D00CE6EF8 /* AppDelegate.m in Sources */,
				EC4298391C6DBA4D00CE6EF8 /* main.m in Sources */,
			);
			runOnlyForDeploymentPostprocessing = 0;
		};
/* End PBXSourcesBuildPhase section */

/* Begin PBXVariantGroup section */
		EC4298451C6DBA4D00CE6EF8 /* LaunchScreen.storyboard */ = {
			isa = PBXVariantGroup;
			children = (
				EC4298461C6DBA4D00CE6EF8 /* Base */,
			);
			name = LaunchScreen.storyboard;
			sourceTree = "<group>";
		};
/* End PBXVariantGroup section */

/* Begin XCBuildConfiguration section */
		EC4298491C6DBA4D00CE6EF8 /* Debug */ = {
			isa = XCBuildConfiguration;
			buildSettings = {
				ALWAYS_SEARCH_USER_PATHS = NO;
				CLANG_CXX_LANGUAGE_STANDARD = "gnu++0x";
				CLANG_CXX_LIBRARY = "libc++";
				CLANG_ENABLE_MODULES = YES;
				CLANG_ENABLE_OBJC_ARC = YES;
				CLANG_WARN_BOOL_CONVERSION = YES;
				CLANG_WARN_CONSTANT_CONVERSION = YES;
				CLANG_WARN_DIRECT_OBJC_ISA_USAGE = YES_ERROR;
				CLANG_WARN_EMPTY_BODY = YES;
				CLANG_WARN_ENUM_CONVERSION = YES;
				CLANG_WARN_INT_CONVERSION = YES;
				CLANG_WARN_OBJC_ROOT_CLASS = YES_ERROR;
				CLANG_WARN_UNREACHABLE_CODE = YES;
				CLANG_WARN__DUPLICATE_METHOD_MATCH = YES;
				"CODE_SIGN_IDENTITY[sdk=iphoneos*]" = "iPhone Developer";
				COPY_PHASE_STRIP = NO;
				DEBUG_INFORMATION_FORMAT = dwarf;
				ENABLE_STRICT_OBJC_MSGSEND = YES;
				ENABLE_TESTABILITY = YES;
				GCC_C_LANGUAGE_STANDARD = gnu99;
				GCC_DYNAMIC_NO_PIC = NO;
				GCC_NO_COMMON_BLOCKS = YES;
				GCC_OPTIMIZATION_LEVEL = 0;
				GCC_PREPROCESSOR_DEFINITIONS = (
					"DEBUG=1",
					"$(inherited)",
				);
				GCC_WARN_64_TO_32_BIT_CONVERSION = YES;
				GCC_WARN_ABOUT_RETURN_TYPE = YES_ERROR;
				GCC_WARN_UNDECLARED_SELECTOR = YES;
				GCC_WARN_UNINITIALIZED_AUTOS = YES_AGGRESSIVE;
				GCC_WARN_UNUSED_FUNCTION = YES;
				GCC_WARN_UNUSED_VARIABLE = YES;
				IPHONEOS_DEPLOYMENT_TARGET = 9.2;
				MTL_ENABLE_DEBUG_INFO = YES;
				ONLY_ACTIVE_ARCH = YES;
				SDKROOT = iphoneos;
				TARGETED_DEVICE_FAMILY = "1,2";
			};
			name = Debug;
		};
		EC42984A1C6DBA4D00CE6EF8 /* Release */ = {
			isa = XCBuildConfiguration;
			buildSettings = {
				ALWAYS_SEARCH_USER_PATHS = NO;
				CLANG_CXX_LANGUAGE_STANDARD = "gnu++0x";
				CLANG_CXX_LIBRARY = "libc++";
				CLANG_ENABLE_MODULES = YES;
				CLANG_ENABLE_OBJC_ARC = YES;
				CLANG_WARN_BOOL_CONVERSION = YES;
				CLANG_WARN_CONSTANT_CONVERSION = YES;
				CLANG_WARN_DIRECT_OBJC_ISA_USAGE = YES_ERROR;
				CLANG_WARN_EMPTY_BODY = YES;
				CLANG_WARN_ENUM_CONVERSION = YES;
				CLANG_WARN_INT_CONVERSION = YES;
				CLANG_WARN_OBJC_ROOT_CLASS = YES_ERROR;
				CLANG_WARN_UNREACHABLE_CODE = YES;
				CLANG_WARN__DUPLICATE_METHOD_MATCH = YES;
				"CODE_SIGN_IDENTITY[sdk=iphoneos*]" = "iPhone Developer";
				COPY_PHASE_STRIP = NO;
				DEBUG_INFORMATION_FORMAT = "dwarf-with-dsym";
				ENABLE_NS_ASSERTIONS = NO;
				ENABLE_STRICT_OBJC_MSGSEND = YES;
				GCC_C_LANGUAGE_STANDARD = gnu99;
				GCC_NO_COMMON_BLOCKS = YES;
				GCC_WARN_64_TO_32_BIT_CONVERSION = YES;
				GCC_WARN_ABOUT_RETURN_TYPE = YES_ERROR;
				GCC_WARN_UNDECLARED_SELECTOR = YES;
				GCC_WARN_UNINITIALIZED_AUTOS = YES_AGGRESSIVE;
				GCC_WARN_UNUSED_FUNCTION = YES;
				GCC_WARN_UNUSED_VARIABLE = YES;
				IPHONEOS_DEPLOYMENT_TARGET = 9.2;
				MTL_ENABLE_DEBUG_INFO = NO;
				SDKROOT = iphoneos;
				TARGETED_DEVICE_FAMILY = "1,2";
				VALIDATE_PRODUCT = YES;
			};
			name = Release;
		};
		EC42984C1C6DBA4D00CE6EF8 /* Debug */ = {
			isa = XCBuildConfiguration;
			buildSettings = {
				ASSETCATALOG_COMPILER_APPICON_NAME = AppIcon;
				INFOPLIST_FILE = XMPPDemo/Info.plist;
				IPHONEOS_DEPLOYMENT_TARGET = 7.0;
				LD_RUNPATH_SEARCH_PATHS = "$(inherited) @executable_path/Frameworks";
				PRODUCT_BUNDLE_IDENTIFIER = zhuyue.XMPPDemo;
				PRODUCT_NAME = "$(TARGET_NAME)";
			};
			name = Debug;
		};
		EC42984D1C6DBA4D00CE6EF8 /* Release */ = {
			isa = XCBuildConfiguration;
			buildSettings = {
				ASSETCATALOG_COMPILER_APPICON_NAME = AppIcon;
				INFOPLIST_FILE = XMPPDemo/Info.plist;
				IPHONEOS_DEPLOYMENT_TARGET = 7.0;
				LD_RUNPATH_SEARCH_PATHS = "$(inherited) @executable_path/Frameworks";
				PRODUCT_BUNDLE_IDENTIFIER = zhuyue.XMPPDemo;
				PRODUCT_NAME = "$(TARGET_NAME)";
			};
			name = Release;
		};
/* End XCBuildConfiguration section */

/* Begin XCConfigurationList section */
		EC42982F1C6DBA4D00CE6EF8 /* Build configuration list for PBXProject "XMPPDemo" */ = {
			isa = XCConfigurationList;
			buildConfigurations = (
				EC4298491C6DBA4D00CE6EF8 /* Debug */,
				EC42984A1C6DBA4D00CE6EF8 /* Release */,
			);
			defaultConfigurationIsVisible = 0;
			defaultConfigurationName = Release;
		};
		EC42984B1C6DBA4D00CE6EF8 /* Build configuration list for PBXNativeTarget "XMPPDemo" */ = {
			isa = XCConfigurationList;
			buildConfigurations = (
				EC42984C1C6DBA4D00CE6EF8 /* Debug */,
				EC42984D1C6DBA4D00CE6EF8 /* Release */,
			);
			defaultConfigurationIsVisible = 0;
		};
/* End XCConfigurationList section */
	};
	rootObject = EC42982C1C6DBA4D00CE6EF8 /* Project object */;
}
