PODS:
  - AFNetworking (2.6.3):
    - AFNetworking/NSURLConnection (= 2.6.3)
    - AFNetworking/NSURLSession (= 2.6.3)
    - AFNetworking/Reachability (= 2.6.3)
    - AFNetworking/Security (= 2.6.3)
    - AFNetworking/Serialization (= 2.6.3)
    - AFNetworking/UIKit (= 2.6.3)
  - AFNetworking/NSURLConnection (2.6.3):
    - AFNetworking/Reachability
    - AFNetworking/Security
    - AFNetworking/Serialization
  - AFNetworking/NSURLSession (2.6.3):
    - AFNetworking/Reachability
    - AFNetworking/Security
    - AFNetworking/Serialization
  - AFNetworking/Reachability (2.6.3)
  - AFNetworking/Security (2.6.3)
  - AFNetworking/Serialization (2.6.3)
  - AFNetworking/UIKit (2.6.3):
    - AFNetworking/NSURLConnection
    - AFNetworking/NSURLSession
  - libwebp (0.4.3):
    - libwebp/core (= 0.4.3)
    - libwebp/dec (= 0.4.3)
    - libwebp/demux (= 0.4.3)
    - libwebp/dsp (= 0.4.3)
    - libwebp/enc (= 0.4.3)
    - libwebp/mux (= 0.4.3)
    - libwebp/utils (= 0.4.3)
    - libwebp/webp (= 0.4.3)
  - libwebp/core (0.4.3):
    - libwebp/webp
  - libwebp/dec (0.4.3):
    - libwebp/core
  - libwebp/demux (0.4.3):
    - libwebp/core
  - libwebp/dsp (0.4.3):
    - libwebp/core
  - libwebp/enc (0.4.3):
    - libwebp/core
  - libwebp/mux (0.4.3):
    - libwebp/core
  - libwebp/utils (0.4.3):
    - libwebp/core
  - libwebp/webp (0.4.3)
  - MBProgressHUD (0.9.2)
  - SDWebImage (3.7.5):
    - SDWebImage/Core (= 3.7.5)
  - SDWebImage/Core (3.7.5)

DEPENDENCIES:
  - AFNetworking (~> 2.6.3)
  - libwebp (from `https://github.com/Anselz/libwebpd.git`)
  - MBProgressHUD (~> 0.9.1)
  - SDWebImage

EXTERNAL SOURCES:
  libwebp:
    :git: https://github.com/Anselz/libwebpd.git

CHECKOUT OPTIONS:
  libwebp:
    :commit: e3bd014f7ced80808758237d8db569fb788a4e49
    :git: https://github.com/Anselz/libwebpd.git

SPEC CHECKSUMS:
  AFNetworking: cb8d14a848e831097108418f5d49217339d4eb60
  libwebp: 24c23736c83811d86293c8d66efa324af477f133
  MBProgressHUD: 1569cf7ace17a8bac47aabfbb8580a49690386d1
  SDWebImage: 69c6303e3348fba97e03f65d65d4fbc26740f461

COCOAPODS: 0.39.0
